
Microsoft Visual Studio Solution File, Format Version 12.00
# Visual Studio 15
VisualStudioVersion = 15.0.27004.2006
MinimumVisualStudioVersion = 10.0.40219.1
Project("{FAE04EC0-301F-11D3-BF4B-00C04F79EFBC}") = "FizzBuzz", "TDD-Katas-project\FizzBuzz.csproj", "{9526BFE8-BD80-4DD1-93E1-AFAAE9EEA048}"
EndProject
Project("{FAE04EC0-301F-11D3-BF4B-00C04F79EFBC}") = "TestFizzBuzz", "TestFizzBuzz\TestFizzBuzz.csproj", "{3351894A-310A-46D7-9162-D8ECB4DE2933}"
EndProject
Project("{2150E333-8FDC-42A3-9474-1A3956D46DE8}") = "FizzBuzzKata", "FizzBuzzKata", "{ADD13168-5B96-4624-BAF1-F21F7C393DD4}"
EndProject
Project("{2150E333-8FDC-42A3-9474-1A3956D46DE8}") = "BowlingGameKata", "BowlingGameKata", "{11752424-B3B5-446A-8742-8759A3123E93}"
EndProject
Project("{FAE04EC0-301F-11D3-BF4B-00C04F79EFBC}") = "BowlingGameTest", "BowlingGameTest\BowlingGameTest.csproj", "{C13C1581-35B7-448F-B92C-E81BC0D58EE3}"
EndProject
Project("{FAE04EC0-301F-11D3-BF4B-00C04F79EFBC}") = "BowlingGame", "BowlingGame\BowlingGame.csproj", "{688B9FF7-DAA5-4F8C-BF8C-68BF242D895C}"
EndProject
Project("{2150E333-8FDC-42A3-9474-1A3956D46DE8}") = "OddEvenKata", "OddEvenKata", "{0B0A5D71-D988-48C6-AF1E-47E52FCEE5E5}"
EndProject
Project("{FAE04EC0-301F-11D3-BF4B-00C04F79EFBC}") = "OddEven", "OddEven\OddEven.csproj", "{55ED9F72-EC6B-4936-A0F4-17D97CA92B32}"
EndProject
Project("{FAE04EC0-301F-11D3-BF4B-00C04F79EFBC}") = "OddEvenTest", "OddEvenTest\OddEvenTest.csproj", "{3E725A52-57D2-4159-9699-0BF0BB30367D}"
EndProject
Project("{2150E333-8FDC-42A3-9474-1A3956D46DE8}") = "PrimeFactorsKata", "PrimeFactorsKata", "{C02D0BD0-823A-420D-B345-3B58752562AA}"
EndProject
Project("{FAE04EC0-301F-11D3-BF4B-00C04F79EFBC}") = "PrimeFactors", "PrimeFactors\PrimeFactors.csproj", "{7BE574EE-E146-4E73-99BD-F6D8D0925A1A}"
EndProject
Project("{FAE04EC0-301F-11D3-BF4B-00C04F79EFBC}") = "PrimeFactorsTest", "PrimeFactorsTest\PrimeFactorsTest.csproj", "{41CBE6AB-1304-4E95-8BF6-B713DDC05572}"
EndProject
Project("{2150E333-8FDC-42A3-9474-1A3956D46DE8}") = "CalcStatsKata", "CalcStatsKata", "{E7EB4B67-D88F-462E-996C-5BF367D63785}"
EndProject
Project("{FAE04EC0-301F-11D3-BF4B-00C04F79EFBC}") = "CalcStats", "CalcStats\CalcStats.csproj", "{CE917810-FA41-477C-86CF-E46DAD2D8EB8}"
EndProject
Project("{FAE04EC0-301F-11D3-BF4B-00C04F79EFBC}") = "CalcStatsTest", "CalcStatsTest\CalcStatsTest.csproj", "{7180A1FF-E832-4784-876A-5F45D0449511}"
EndProject
Project("{2150E333-8FDC-42A3-9474-1A3956D46DE8}") = "Diversion", "Diversion", "{1420A847-D48E-4561-9B61-8BB3E850B0BC}"
EndProject
Project("{FAE04EC0-301F-11D3-BF4B-00C04F79EFBC}") = "DiversionKata", "DiversionKata\DiversionKata.csproj", "{083EDBBB-1ECC-43D9-97A1-9DE2F881A980}"
EndProject
Project("{FAE04EC0-301F-11D3-BF4B-00C04F79EFBC}") = "DiversionTests", "DiversionTests\DiversionTests.csproj", "{36C861CF-858A-46D3-B538-B7C9F7158015}"
EndProject
Project("{2150E333-8FDC-42A3-9474-1A3956D46DE8}") = "GameOfLifeKata", "GameOfLifeKata", "{CCEAAC68-3840-454B-8F0C-CF43D73C268D}"
EndProject
Project("{FAE04EC0-301F-11D3-BF4B-00C04F79EFBC}") = "GameOfLife", "GameOfLife\GameOfLife.csproj", "{45B14FA1-2B1D-422F-A8AD-4FD9AF3648D7}"
EndProject
Project("{FAE04EC0-301F-11D3-BF4B-00C04F79EFBC}") = "GameOfLifeTest", "GameOfLifeKata\GameOfLifeTest.csproj", "{66AE9AF9-D208-4BD1-A2D3-B361F6F33F99}"
EndProject
Global
	GlobalSection(SolutionConfigurationPlatforms) = preSolution
		Debug|Any CPU = Debug|Any CPU
		Release|Any CPU = Release|Any CPU
	EndGlobalSection
	GlobalSection(ProjectConfigurationPlatforms) = postSolution
		{9526BFE8-BD80-4DD1-93E1-AFAAE9EEA048}.Debug|Any CPU.ActiveCfg = Debug|Any CPU
		{9526BFE8-BD80-4DD1-93E1-AFAAE9EEA048}.Debug|Any CPU.Build.0 = Debug|Any CPU
		{9526BFE8-BD80-4DD1-93E1-AFAAE9EEA048}.Release|Any CPU.ActiveCfg = Release|Any CPU
		{9526BFE8-BD80-4DD1-93E1-AFAAE9EEA048}.Release|Any CPU.Build.0 = Release|Any CPU
		{3351894A-310A-46D7-9162-D8ECB4DE2933}.Debug|Any CPU.ActiveCfg = Debug|Any CPU
		{3351894A-310A-46D7-9162-D8ECB4DE2933}.Debug|Any CPU.Build.0 = Debug|Any CPU
		{3351894A-310A-46D7-9162-D8ECB4DE2933}.Release|Any CPU.ActiveCfg = Release|Any CPU
		{3351894A-310A-46D7-9162-D8ECB4DE2933}.Release|Any CPU.Build.0 = Release|Any CPU
		{C13C1581-35B7-448F-B92C-E81BC0D58EE3}.Debug|Any CPU.ActiveCfg = Debug|Any CPU
		{C13C1581-35B7-448F-B92C-E81BC0D58EE3}.Debug|Any CPU.Build.0 = Debug|Any CPU
		{C13C1581-35B7-448F-B92C-E81BC0D58EE3}.Release|Any CPU.ActiveCfg = Release|Any CPU
		{C13C1581-35B7-448F-B92C-E81BC0D58EE3}.Release|Any CPU.Build.0 = Release|Any CPU
		{688B9FF7-DAA5-4F8C-BF8C-68BF242D895C}.Debug|Any CPU.ActiveCfg = Debug|Any CPU
		{688B9FF7-DAA5-4F8C-BF8C-68BF242D895C}.Debug|Any CPU.Build.0 = Debug|Any CPU
		{688B9FF7-DAA5-4F8C-BF8C-68BF242D895C}.Release|Any CPU.ActiveCfg = Release|Any CPU
		{688B9FF7-DAA5-4F8C-BF8C-68BF242D895C}.Release|Any CPU.Build.0 = Release|Any CPU
		{55ED9F72-EC6B-4936-A0F4-17D97CA92B32}.Debug|Any CPU.ActiveCfg = Debug|Any CPU
		{55ED9F72-EC6B-4936-A0F4-17D97CA92B32}.Debug|Any CPU.Build.0 = Debug|Any CPU
		{55ED9F72-EC6B-4936-A0F4-17D97CA92B32}.Release|Any CPU.ActiveCfg = Release|Any CPU
		{55ED9F72-EC6B-4936-A0F4-17D97CA92B32}.Release|Any CPU.Build.0 = Release|Any CPU
		{3E725A52-57D2-4159-9699-0BF0BB30367D}.Debug|Any CPU.ActiveCfg = Debug|Any CPU
		{3E725A52-57D2-4159-9699-0BF0BB30367D}.Debug|Any CPU.Build.0 = Debug|Any CPU
		{3E725A52-57D2-4159-9699-0BF0BB30367D}.Release|Any CPU.ActiveCfg = Release|Any CPU
		{3E725A52-57D2-4159-9699-0BF0BB30367D}.Release|Any CPU.Build.0 = Release|Any CPU
		{7BE574EE-E146-4E73-99BD-F6D8D0925A1A}.Debug|Any CPU.ActiveCfg = Debug|Any CPU
		{7BE574EE-E146-4E73-99BD-F6D8D0925A1A}.Debug|Any CPU.Build.0 = Debug|Any CPU
		{7BE574EE-E146-4E73-99BD-F6D8D0925A1A}.Release|Any CPU.ActiveCfg = Release|Any CPU
		{7BE574EE-E146-4E73-99BD-F6D8D0925A1A}.Release|Any CPU.Build.0 = Release|Any CPU
		{41CBE6AB-1304-4E95-8BF6-B713DDC05572}.Debug|Any CPU.ActiveCfg = Debug|Any CPU
		{41CBE6AB-1304-4E95-8BF6-B713DDC05572}.Debug|Any CPU.Build.0 = Debug|Any CPU
		{41CBE6AB-1304-4E95-8BF6-B713DDC05572}.Release|Any CPU.ActiveCfg = Release|Any CPU
		{41CBE6AB-1304-4E95-8BF6-B713DDC05572}.Release|Any CPU.Build.0 = Release|Any CPU
		{CE917810-FA41-477C-86CF-E46DAD2D8EB8}.Debug|Any CPU.ActiveCfg = Debug|Any CPU
		{CE917810-FA41-477C-86CF-E46DAD2D8EB8}.Debug|Any CPU.Build.0 = Debug|Any CPU
		{CE917810-FA41-477C-86CF-E46DAD2D8EB8}.Release|Any CPU.ActiveCfg = Release|Any CPU
		{CE917810-FA41-477C-86CF-E46DAD2D8EB8}.Release|Any CPU.Build.0 = Release|Any CPU
		{7180A1FF-E832-4784-876A-5F45D0449511}.Debug|Any CPU.ActiveCfg = Debug|Any CPU
		{7180A1FF-E832-4784-876A-5F45D0449511}.Debug|Any CPU.Build.0 = Debug|Any CPU
		{7180A1FF-E832-4784-876A-5F45D0449511}.Release|Any CPU.ActiveCfg = Release|Any CPU
		{7180A1FF-E832-4784-876A-5F45D0449511}.Release|Any CPU.Build.0 = Release|Any CPU
		{083EDBBB-1ECC-43D9-97A1-9DE2F881A980}.Debug|Any CPU.ActiveCfg = Debug|Any CPU
		{083EDBBB-1ECC-43D9-97A1-9DE2F881A980}.Debug|Any CPU.Build.0 = Debug|Any CPU
		{083EDBBB-1ECC-43D9-97A1-9DE2F881A980}.Release|Any CPU.ActiveCfg = Release|Any CPU
		{083EDBBB-1ECC-43D9-97A1-9DE2F881A980}.Release|Any CPU.Build.0 = Release|Any CPU
		{36C861CF-858A-46D3-B538-B7C9F7158015}.Debug|Any CPU.ActiveCfg = Debug|Any CPU
		{36C861CF-858A-46D3-B538-B7C9F7158015}.Debug|Any CPU.Build.0 = Debug|Any CPU
		{36C861CF-858A-46D3-B538-B7C9F7158015}.Release|Any CPU.ActiveCfg = Release|Any CPU
		{36C861CF-858A-46D3-B538-B7C9F7158015}.Release|Any CPU.Build.0 = Release|Any CPU
		{45B14FA1-2B1D-422F-A8AD-4FD9AF3648D7}.Debug|Any CPU.ActiveCfg = Debug|Any CPU
		{45B14FA1-2B1D-422F-A8AD-4FD9AF3648D7}.Debug|Any CPU.Build.0 = Debug|Any CPU
		{45B14FA1-2B1D-422F-A8AD-4FD9AF3648D7}.Release|Any CPU.ActiveCfg = Release|Any CPU
		{45B14FA1-2B1D-422F-A8AD-4FD9AF3648D7}.Release|Any CPU.Build.0 = Release|Any CPU
		{66AE9AF9-D208-4BD1-A2D3-B361F6F33F99}.Debug|Any CPU.ActiveCfg = Debug|Any CPU
		{66AE9AF9-D208-4BD1-A2D3-B361F6F33F99}.Debug|Any CPU.Build.0 = Debug|Any CPU
		{66AE9AF9-D208-4BD1-A2D3-B361F6F33F99}.Release|Any CPU.ActiveCfg = Release|Any CPU
		{66AE9AF9-D208-4BD1-A2D3-B361F6F33F99}.Release|Any CPU.Build.0 = Release|Any CPU
	EndGlobalSection
	GlobalSection(SolutionProperties) = preSolution
		HideSolutionNode = FALSE
	EndGlobalSection
	GlobalSection(NestedProjects) = preSolution
		{9526BFE8-BD80-4DD1-93E1-AFAAE9EEA048} = {ADD13168-5B96-4624-BAF1-F21F7C393DD4}
		{3351894A-310A-46D7-9162-D8ECB4DE2933} = {ADD13168-5B96-4624-BAF1-F21F7C393DD4}
		{C13C1581-35B7-448F-B92C-E81BC0D58EE3} = {11752424-B3B5-446A-8742-8759A3123E93}
		{688B9FF7-DAA5-4F8C-BF8C-68BF242D895C} = {11752424-B3B5-446A-8742-8759A3123E93}
		{55ED9F72-EC6B-4936-A0F4-17D97CA92B32} = {0B0A5D71-D988-48C6-AF1E-47E52FCEE5E5}
		{3E725A52-57D2-4159-9699-0BF0BB30367D} = {0B0A5D71-D988-48C6-AF1E-47E52FCEE5E5}
		{7BE574EE-E146-4E73-99BD-F6D8D0925A1A} = {C02D0BD0-823A-420D-B345-3B58752562AA}
		{41CBE6AB-1304-4E95-8BF6-B713DDC05572} = {C02D0BD0-823A-420D-B345-3B58752562AA}
		{CE917810-FA41-477C-86CF-E46DAD2D8EB8} = {E7EB4B67-D88F-462E-996C-5BF367D63785}
		{7180A1FF-E832-4784-876A-5F45D0449511} = {E7EB4B67-D88F-462E-996C-5BF367D63785}
		{083EDBBB-1ECC-43D9-97A1-9DE2F881A980} = {1420A847-D48E-4561-9B61-8BB3E850B0BC}
		{36C861CF-858A-46D3-B538-B7C9F7158015} = {1420A847-D48E-4561-9B61-8BB3E850B0BC}
		{45B14FA1-2B1D-422F-A8AD-4FD9AF3648D7} = {CCEAAC68-3840-454B-8F0C-CF43D73C268D}
		{66AE9AF9-D208-4BD1-A2D3-B361F6F33F99} = {CCEAAC68-3840-454B-8F0C-CF43D73C268D}
	EndGlobalSection
	GlobalSection(ExtensibilityGlobals) = postSolution
		SolutionGuid = {DFA41EF7-D657-4057-9629-A961258B04BC}
	EndGlobalSection
EndGlobal
